{
  "name": "blah",
  "version": "3.2.2",
  "lockfileVersion": 1,
  "requires": true,
  "dependencies": {
    "abs": {
      "version": "1.3.10",
      "resolved": "https://registry.npmjs.org/abs/-/abs-1.3.10.tgz",
      "integrity": "sha1-napqQ1AQAfN/8VoexIIKRklW/8M=",
      "requires": {
        "ul": "5.2.13"
      }
    },
    "add-subtract-date": {
      "version": "1.0.11",
      "resolved": "https://registry.npmjs.org/add-subtract-date/-/add-subtract-date-1.0.11.tgz",
      "integrity": "sha1-l9aY3Wt2XGXv/Uev5eY1B17hK3o="
    },
    "ansi-parser": {
      "version": "3.2.8",
      "resolved": "https://registry.npmjs.org/ansi-parser/-/ansi-parser-3.2.8.tgz",
      "integrity": "sha1-rYCmNRrF5YzH6Kdhq8A3tVBQQdA="
    },
    "ansi-styles": {
      "version": "3.2.0",
      "resolved": "https://registry.npmjs.org/ansi-styles/-/ansi-styles-3.2.0.tgz",
      "integrity": "sha512-NnSOmMEYtVR2JVMIGTzynRkkaxtiq1xnFBcdQD/DnNCYPoEPsVJhM98BDyaoNOQIi7p4okdi3E27eN7GQbsUug==",
      "requires": {
        "color-convert": "1.9.0"
      }
    },
    "ansy": {
      "version": "1.0.11",
      "resolved": "https://registry.npmjs.org/ansy/-/ansy-1.0.11.tgz",
      "integrity": "sha1-IGb86gqDLaVGEQ2RrZ9Hx+zCcdQ=",
      "requires": {
        "ansi-styles": "3.2.0",
        "custom-return": "1.0.8",
        "supports-color": "3.2.3",
        "ul": "5.2.13"
      }
    },
    "argparse": {
      "version": "1.0.9",
      "resolved": "https://registry.npmjs.org/argparse/-/argparse-1.0.9.tgz",
      "integrity": "sha1-c9g7wmP4bpf4zE9rrhsOkKfSLIY=",
      "requires": {
        "sprintf-js": "1.0.3"
      }
    },
    "arrs-to-obj": {
      "version": "1.0.8",
      "resolved": "https://registry.npmjs.org/arrs-to-obj/-/arrs-to-obj-1.0.8.tgz",
      "integrity": "sha1-1oy7zsqCUDDuiaaD7I/O02NlwYM="
    },
    "async": {
      "version": "2.5.0",
      "resolved": "https://registry.npmjs.org/async/-/async-2.5.0.tgz",
      "integrity": "sha512-e+lJAJeNWuPCNyxZKOBdaJGyLGHugXVQtrAwtuAe2vhxTYxFTKE73p8JuTmdH0qdQZtDvI4dhJwjZc5zsfIsYw==",
      "requires": {
        "lodash": "4.17.4"
      }
    },
    "auto-parse": {
      "version": "1.3.0",
      "resolved": "https://registry.npmjs.org/auto-parse/-/auto-parse-1.3.0.tgz",
      "integrity": "sha1-w0UMMUeipKlL+h0HARy88NjSIAM=",
      "requires": {
        "lodash": "4.17.4",
        "typpy": "2.3.9"
      }
    },
    "barbe": {
      "version": "3.0.12",
      "resolved": "https://registry.npmjs.org/barbe/-/barbe-3.0.12.tgz",
      "integrity": "sha1-2yFa0WdIdt7Cpmxn3BnDM96EATk=",
      "requires": {
        "iterate-object": "1.3.2",
        "regex-escape": "3.4.7",
        "typpy": "2.3.9"
      }
    },
    "bindy": {
      "version": "1.0.10",
      "resolved": "https://registry.npmjs.org/bindy/-/bindy-1.0.10.tgz",
      "integrity": "sha1-9kVnj/2KoE4cO5nF+6E0TDPuhrI=",
      "requires": {
        "deffy": "2.2.2",
        "sliced": "1.0.1"
      }
    },
    "bug-killer": {
      "version": "4.4.4",
      "resolved": "https://registry.npmjs.org/bug-killer/-/bug-killer-4.4.4.tgz",
      "integrity": "sha1-luAyK5Q3orBnLXiqzR7SvvEflFo=",
      "requires": {
        "ansi-parser": "3.2.8",
        "couleurs": "6.0.9",
        "daty": "1.1.2",
        "deffy": "2.2.2",
        "typpy": "2.3.9"
      }
    },
    "camelo": {
      "version": "1.1.9",
      "resolved": "https://registry.npmjs.org/camelo/-/camelo-1.1.9.tgz",
      "integrity": "sha1-SzwWRClkXgVwvqHpACvhARQ9t7E=",
      "requires": {
        "regex-escape": "3.4.7",
        "uc-first-array": "1.1.7"
      }
    },
    "class-methods": {
      "version": "1.0.8",
      "resolved": "https://registry.npmjs.org/class-methods/-/class-methods-1.0.8.tgz",
      "integrity": "sha1-86ku5JVfakwrAsUOjEEqLLKlkHs=",
      "requires": {
        "exclude-arr": "1.0.7",
        "static-methods": "1.0.9",
        "ul": "5.2.13"
      }
    },
    "cli-box": {
      "version": "6.0.8",
      "resolved": "https://registry.npmjs.org/cli-box/-/cli-box-6.0.8.tgz",
      "integrity": "sha1-QCGLZbKbsyw434BVrgwDs6kBSe8=",
      "requires": {
        "ansi-parser": "3.2.8",
        "deffy": "2.2.2",
        "is-undefined": "1.0.8",
        "is-win": "1.0.7",
        "ul": "5.2.13"
      }
    },
    "clp": {
      "version": "4.0.8",
      "resolved": "https://registry.npmjs.org/clp/-/clp-4.0.8.tgz",
      "integrity": "sha1-rCw8oJhpBf5xD+K3WSURolHHaUI=",
      "requires": {
        "is-number": "2.1.0",
        "last-char": "1.3.8",
        "match-it": "1.0.7"
      }
    },
    "coffee-script": {
      "version": "1.12.7",
      "resolved": "https://registry.npmjs.org/coffee-script/-/coffee-script-1.12.7.tgz",
      "integrity": "sha512-fLeEhqwymYat/MpTPUjSKHVYYl0ec2mOyALEMLmzr5i1isuG+6jfI2j2d5oBO3VIzgUXgBVIcOT9uH1TFxBckw=="
    },
    "color-convert": {
      "version": "1.9.0",
      "resolved": "https://registry.npmjs.org/color-convert/-/color-convert-1.9.0.tgz",
      "integrity": "sha1-Gsz5fdc5uYO/mU1W/sj5WFNkG3o=",
      "requires": {
        "color-name": "1.1.3"
      }
    },
    "color-name": {
      "version": "1.1.3",
      "resolved": "https://registry.npmjs.org/color-name/-/color-name-1.1.3.tgz",
      "integrity": "sha1-p9BVi9icQveV3UIyj3QIMcpTvCU="
    },
    "commander": {
      "version": "2.11.0",
      "resolved": "https://registry.npmjs.org/commander/-/commander-2.11.0.tgz",
      "integrity": "sha512-b0553uYA5YAEGgyYIGYROzKQ7X5RAqedkfjiZxwi0kL1g3bOaBNNZfYkzt/CL0umgD5wc9Jec2FbB98CjkMRvQ=="
    },
    "couleurs": {
      "version": "6.0.9",
      "resolved": "https://registry.npmjs.org/couleurs/-/couleurs-6.0.9.tgz",
      "integrity": "sha1-srKj7jfa5Rh1ye/SQ+x+eJSvvJ4=",
      "requires": {
        "ansy": "1.0.11",
        "color-convert": "1.9.0",
        "iterate-object": "1.3.2",
        "typpy": "2.3.9"
      }
    },
    "current-year": {
      "version": "1.1.8",
      "resolved": "https://registry.npmjs.org/current-year/-/current-year-1.1.8.tgz",
      "integrity": "sha1-lFSRMjVdvJPobZk/PRaR8eRWCyQ="
    },
    "custom-return": {
      "version": "1.0.8",
      "resolved": "https://registry.npmjs.org/custom-return/-/custom-return-1.0.8.tgz",
      "integrity": "sha1-6Rzoi0aItls//usf2WE7kjhDe+I=",
      "requires": {
        "noop6": "1.0.7"
      }
    },
    "date-is-invalid": {
      "version": "1.0.8",
      "resolved": "https://registry.npmjs.org/date-is-invalid/-/date-is-invalid-1.0.8.tgz",
      "integrity": "sha1-/6n3j/C8zJq5TgP6MBw2/QawVn8="
    },
    "date-unit-ms": {
      "version": "1.1.10",
      "resolved": "https://registry.npmjs.org/date-unit-ms/-/date-unit-ms-1.1.10.tgz",
      "integrity": "sha1-RslbySXeyZ1g16IUTWq/St4HUcA="
    },
    "daty": {
      "version": "1.1.2",
      "resolved": "https://registry.npmjs.org/daty/-/daty-1.1.2.tgz",
      "integrity": "sha1-zTvnp6BhgfXfEFNWlAuUgcYhnGU=",
      "requires": {
        "add-subtract-date": "1.0.11",
        "class-methods": "1.0.8",
        "date-unit-ms": "1.1.10",
        "diff-dates": "1.0.9",
        "formatoid": "1.2.1"
      }
    },
    "days": {
      "version": "1.1.1",
      "resolved": "https://registry.npmjs.org/days/-/days-1.1.1.tgz",
      "integrity": "sha512-vzeIwVsEIyA35GH4+mPd4hjVDNI87wYANyZFs0BHjBr5kIBH5zEl7LfD6Wr4SFZca4D3CU9IH1w4DuZLlXzKRw=="
    },
    "debug-mode": {
      "version": "1.0.6",
      "resolved": "https://registry.npmjs.org/debug-mode/-/debug-mode-1.0.6.tgz",
      "integrity": "sha1-W+5pvIS6LFroG7HWEuFWZtMy3c0=",
      "requires": {
        "semver": "5.4.1"
      }
    },
    "deffy": {
      "version": "2.2.2",
      "resolved": "https://registry.npmjs.org/deffy/-/deffy-2.2.2.tgz",
      "integrity": "sha1-CI9AkTy0cHhlP6b2l8IG4DRx1SM=",
      "requires": {
        "typpy": "2.3.9"
      }
    },
    "diff-dates": {
      "version": "1.0.9",
      "resolved": "https://registry.npmjs.org/diff-dates/-/diff-dates-1.0.9.tgz",
      "integrity": "sha1-E+zph1iOv8LkhZdTfk5SKOKdc3s=",
      "requires": {
        "date-unit-ms": "1.1.10"
      }
    },
    "dox": {
      "version": "https://github.com/visionmedia/dox/tarball/master",
      "integrity": "sha1-d6WAvh+B7zK5anaIUgdh/3leiKc=",
      "requires": {
        "commander": "2.9.0",
        "jsdoctypeparser": "1.2.0",
        "markdown-it": "7.0.1"
      },
      "dependencies": {
        "commander": {
          "version": "2.9.0",
          "resolved": "https://registry.npmjs.org/commander/-/commander-2.9.0.tgz",
          "integrity": "sha1-nJkJQXbhIkDLItbFFGCYQA/g99Q=",
          "requires": {
            "graceful-readlink": "1.0.1"
          }
        }
      }
    },
    "ejs": {
      "version": "2.5.7",
      "resolved": "https://registry.npmjs.org/ejs/-/ejs-2.5.7.tgz",
      "integrity": "sha1-zIcsFoiArjxxiXYv1f/ACJbJUYo="
    },
    "entities": {
      "version": "1.1.1",
      "resolved": "https://registry.npmjs.org/entities/-/entities-1.1.1.tgz",
      "integrity": "sha1-blwtClYhtdra7O+AuQ7ftc13cvA="
    },
    "err": {
      "version": "2.1.8",
      "resolved": "https://registry.npmjs.org/err/-/err-2.1.8.tgz",
      "integrity": "sha1-8Q04ssgTsybp56zRwnsnPqukD4s=",
      "requires": {
        "barbe": "3.0.12",
        "iterate-object": "1.3.2",
        "typpy": "2.3.9"
      }
    },
    "exclude-arr": {
      "version": "1.0.7",
      "resolved": "https://registry.npmjs.org/exclude-arr/-/exclude-arr-1.0.7.tgz",
      "integrity": "sha1-0OkldekOuc191xxgEmdvMzk/Hc4="
    },
    "fillo": {
      "version": "1.0.9",
      "resolved": "https://registry.npmjs.org/fillo/-/fillo-1.0.9.tgz",
      "integrity": "sha1-DaOX9xGfca8OR3FuBnpbdkmOXKg="
    },
    "find-file-in-dirs": {
      "version": "1.0.7",
      "resolved": "https://registry.npmjs.org/find-file-in-dirs/-/find-file-in-dirs-1.0.7.tgz",
      "integrity": "sha1-1L+lqqLAKjLbfM5Yhya1hA+0E2A=",
      "requires": {
        "arrs-to-obj": "1.0.8",
        "err": "2.1.8",
        "is-there": "4.4.3",
        "same-time": "2.3.3"
      }
    },
    "flat-colors": {
      "version": "3.0.0",
      "resolved": "https://registry.npmjs.org/flat-colors/-/flat-colors-3.0.0.tgz",
      "integrity": "sha1-JTqxojmJwyHxOwrNS/c//0By7Lc="
    },
    "formatoid": {
      "version": "1.2.1",
      "resolved": "https://registry.npmjs.org/formatoid/-/formatoid-1.2.1.tgz",
      "integrity": "sha1-ydUfIOfiX7+ZhH6th9uHnRdPy9o=",
      "requires": {
        "days": "1.1.1",
        "fillo": "1.0.9",
        "months": "1.2.0",
        "parse-it": "1.0.8"
      }
    },
    "function.name": {
      "version": "1.0.9",
      "resolved": "https://registry.npmjs.org/function.name/-/function.name-1.0.9.tgz",
      "integrity": "sha1-kcRcj5HyACvGgIbGc4crYH3Yc8M=",
      "requires": {
        "noop6": "1.0.7"
      }
    },
    "graceful-readlink": {
      "version": "1.0.1",
      "resolved": "https://registry.npmjs.org/graceful-readlink/-/graceful-readlink-1.0.1.tgz",
      "integrity": "sha1-TK+tdrxi8C+gObL5Tpo906ORpyU="
    },
    "has-flag": {
      "version": "1.0.0",
      "resolved": "https://registry.npmjs.org/has-flag/-/has-flag-1.0.0.tgz",
      "integrity": "sha1-nZ55MWXOAXoA8AQYxD+UKnsdEfo="
    },
    "iced-coffee-script": {
      "version": "108.0.11",
      "resolved": "https://registry.npmjs.org/iced-coffee-script/-/iced-coffee-script-108.0.11.tgz",
      "integrity": "sha1-HXH/k8kElyimRoOFqpvIkf10xY8=",
      "requires": {
        "iced-runtime": "1.0.3"
      }
    },
    "iced-runtime": {
      "version": "1.0.3",
      "resolved": "https://registry.npmjs.org/iced-runtime/-/iced-runtime-1.0.3.tgz",
      "integrity": "sha1-LU9PuZmreqVDCxk8d6f85BGDGc4="
    },
    "indento": {
      "version": "1.1.10",
      "resolved": "https://registry.npmjs.org/indento/-/indento-1.1.10.tgz",
      "integrity": "sha1-jioHVjO6z6QQPOaCVenG7rf5vX8="
    },
    "initial-commit-date": {
      "version": "1.0.7",
      "resolved": "https://registry.npmjs.org/initial-commit-date/-/initial-commit-date-1.0.7.tgz",
      "integrity": "sha1-8/xGTr9GXUWy4nyWNosQNxlxU3s=",
      "requires": {
        "date-is-invalid": "1.0.8",
        "oargv": "3.4.8",
        "spawno": "1.0.4"
      }
    },
    "is-buffer": {
      "version": "1.1.5",
      "resolved": "https://registry.npmjs.org/is-buffer/-/is-buffer-1.1.5.tgz",
      "integrity": "sha1-Hzsm72E7IUuIy8ojzGwB2Hlh7sw="
    },
    "is-empty-obj": {
      "version": "1.0.9",
      "resolved": "https://registry.npmjs.org/is-empty-obj/-/is-empty-obj-1.0.9.tgz",
      "integrity": "sha1-fvK1f1SZoINtEZgbwLfcY2F6uWo="
    },
    "is-number": {
      "version": "2.1.0",
      "resolved": "https://registry.npmjs.org/is-number/-/is-number-2.1.0.tgz",
      "integrity": "sha1-Afy7s5NGOlSPL0ZszhbezknbkI8=",
      "requires": {
        "kind-of": "3.2.2"
      }
    },
    "is-there": {
      "version": "4.4.3",
      "resolved": "https://registry.npmjs.org/is-there/-/is-there-4.4.3.tgz",
      "integrity": "sha1-osSTZsakh/cZ28rYDL3iEkjSwY0="
    },
    "is-undefined": {
      "version": "1.0.8",
      "resolved": "https://registry.npmjs.org/is-undefined/-/is-undefined-1.0.8.tgz",
      "integrity": "sha1-rt6FUddShTZLyYtmZ5L3tqtcJaU="
    },
    "is-win": {
      "version": "1.0.7",
      "resolved": "https://registry.npmjs.org/is-win/-/is-win-1.0.7.tgz",
      "integrity": "sha1-81mHZ8Mw+JlhTuS3KfbwlanGEQw="
    },
    "iterate-object": {
      "version": "1.3.2",
      "resolved": "https://registry.npmjs.org/iterate-object/-/iterate-object-1.3.2.tgz",
      "integrity": "sha1-JOwVr/pdADnog5aVohwsrh9Ftms="
    },
    "jsdoctypeparser": {
      "version": "1.2.0",
      "resolved": "https://registry.npmjs.org/jsdoctypeparser/-/jsdoctypeparser-1.2.0.tgz",
      "integrity": "sha1-597cFToRhJ/8UUEUSuhqfvDCU5I=",
      "requires": {
        "lodash": "3.10.1"
      },
      "dependencies": {
        "lodash": {
          "version": "3.10.1",
          "resolved": "https://registry.npmjs.org/lodash/-/lodash-3.10.1.tgz",
          "integrity": "sha1-W/Rejkm6QYnhfUgnid/RW9FAt7Y="
        }
      }
    },
    "kind-of": {
      "version": "3.2.2",
      "resolved": "https://registry.npmjs.org/kind-of/-/kind-of-3.2.2.tgz",
      "integrity": "sha1-MeohpzS6ubuw8yRm2JOupR5KPGQ=",
      "requires": {
        "is-buffer": "1.1.5"
      }
    },
    "last-char": {
      "version": "1.3.8",
      "resolved": "https://registry.npmjs.org/last-char/-/last-char-1.3.8.tgz",
      "integrity": "sha1-q+FJpPFQtmiLxoL2DGxDShUd+0Q="
    },
    "le-table": {
      "version": "6.1.7",
      "resolved": "https://registry.npmjs.org/le-table/-/le-table-6.1.7.tgz",
      "integrity": "sha1-mvyvT0qNt4fA5m7fRXocxkOeQI4=",
      "requires": {
        "ansi-parser": "3.2.8",
        "cli-box": "6.0.8",
        "overlap": "2.2.8",
        "ul": "5.2.13"
      }
    },
    "linkify-it": {
      "version": "2.0.3",
      "resolved": "https://registry.npmjs.org/linkify-it/-/linkify-it-2.0.3.tgz",
      "integrity": "sha1-2UpGSPmxwXnWT6lykSaL22zpQ08=",
      "requires": {
        "uc.micro": "1.0.3"
      }
    },
    "lodash": {
      "version": "4.17.4",
      "resolved": "https://registry.npmjs.org/lodash/-/lodash-4.17.4.tgz",
      "integrity": "sha1-eCA6TRwyiuHYbcpkYONptX9AVa4="
    },
    "markdown-it": {
      "version": "7.0.1",
      "resolved": "https://registry.npmjs.org/markdown-it/-/markdown-it-7.0.1.tgz",
      "integrity": "sha1-8S2LiKk+ZCVDSN/Rg71wv2BWekI=",
      "requires": {
        "argparse": "1.0.9",
        "entities": "1.1.1",
        "linkify-it": "2.0.3",
        "mdurl": "1.0.1",
        "uc.micro": "1.0.3"
      }
    },
    "markdox": {
      "version": "0.1.10",
      "resolved": "https://registry.npmjs.org/markdox/-/markdox-0.1.10.tgz",
      "integrity": "sha1-kLZLNatwOgDxg4RXjO6K4S82Scs=",
      "requires": {
        "async": "2.5.0",
        "coffee-script": "1.12.7",
        "commander": "2.11.0",
        "dox": "https://github.com/visionmedia/dox/tarball/master",
        "ejs": "1.0.0",
        "iced-coffee-script": "108.0.11",
        "underscore": "1.8.3"
      },
      "dependencies": {
        "ejs": {
          "version": "1.0.0",
          "resolved": "https://registry.npmjs.org/ejs/-/ejs-1.0.0.tgz",
          "integrity": "sha1-ycYKSKRu5FL7MqccMXuV5aofyz0="
        }
      }
    },
    "match-it": {
      "version": "1.0.7",
      "resolved": "https://registry.npmjs.org/match-it/-/match-it-1.0.7.tgz",
      "integrity": "sha1-tczwmRob1Z6CvtTN1MgFcT9AeRU="
    },
    "mdurl": {
      "version": "1.0.1",
      "resolved": "https://registry.npmjs.org/mdurl/-/mdurl-1.0.1.tgz",
      "integrity": "sha1-/oWy7HWlkDfyrf7BAP1sYBdhFS4="
    },
    "minimist": {
      "version": "0.0.8",
      "resolved": "https://registry.npmjs.org/minimist/-/minimist-0.0.8.tgz",
      "integrity": "sha1-hX/Kv8M5fSYluCKCYuhqp6ARsF0="
    },
    "mkdirp": {
      "version": "0.5.1",
      "resolved": "https://registry.npmjs.org/mkdirp/-/mkdirp-0.5.1.tgz",
      "integrity": "sha1-MAV0OOrGz3+MR2fzhkjWaX11yQM=",
      "requires": {
        "minimist": "0.0.8"
      }
    },
    "months": {
      "version": "1.2.0",
      "resolved": "https://registry.npmjs.org/months/-/months-1.2.0.tgz",
      "integrity": "sha512-zFM7hUpziSYGk2DNObYGWgHdRRxAOgjl8CC1Rbl50p/q0rGDsREfk0nbxxmSIquVi/lEAuUY8nwbwkZ8biNCOQ=="
    },
    "ncp": {
      "version": "2.0.0",
      "resolved": "https://registry.npmjs.org/ncp/-/ncp-2.0.0.tgz",
      "integrity": "sha1-GVoh1sRuNh0vsSgbo4uR6d9727M="
    },
    "noop6": {
      "version": "1.0.7",
      "resolved": "https://registry.npmjs.org/noop6/-/noop6-1.0.7.tgz",
      "integrity": "sha1-lnZ78gWLpZyoy5FVk0fdyAI5+o4="
    },
    "oargv": {
      "version": "3.4.8",
      "resolved": "https://registry.npmjs.org/oargv/-/oargv-3.4.8.tgz",
      "integrity": "sha1-e248D8y9TEHkTLQy0PQLc+Ecg1g=",
      "requires": {
        "iterate-object": "1.3.2",
        "ul": "5.2.13"
      }
    },
    "obj-def": {
      "version": "1.0.6",
      "resolved": "https://registry.npmjs.org/obj-def/-/obj-def-1.0.6.tgz",
      "integrity": "sha1-d1ThcohJwvk00f3SvnL+Yn7LWxQ=",
      "requires": {
        "deffy": "2.2.2"
      }
    },
    "one-by-one": {
      "version": "3.2.6",
      "resolved": "https://registry.npmjs.org/one-by-one/-/one-by-one-3.2.6.tgz",
      "integrity": "sha1-M+Pelthw+alL3LY/ontRcAvhESs=",
      "requires": {
        "obj-def": "1.0.6",
        "sliced": "1.0.1"
      }
    },
    "overlap": {
      "version": "2.2.8",
      "resolved": "https://registry.npmjs.org/overlap/-/overlap-2.2.8.tgz",
      "integrity": "sha1-3dj8oem/a4QV87rflA51Qg28FQo=",
      "requires": {
        "ansi-parser": "3.0.0",
        "cli-box": "5.0.0",
        "couleurs": "5.0.0"
      },
      "dependencies": {
        "ansi-parser": {
          "version": "3.0.0",
          "resolved": "https://registry.npmjs.org/ansi-parser/-/ansi-parser-3.0.0.tgz",
          "integrity": "sha1-lFwOcjLK9WdSFzdbPriJIAjBRik="
        },
        "cli-box": {
          "version": "5.0.0",
          "resolved": "https://registry.npmjs.org/cli-box/-/cli-box-5.0.0.tgz",
          "integrity": "sha1-hw6oqnfnwlF5QWzsz+XtBpCARgI=",
          "requires": {
            "ansi-parser": "3.0.0",
            "ul": "5.0.0"
          }
        },
        "couleurs": {
          "version": "5.0.0",
          "resolved": "https://registry.npmjs.org/couleurs/-/couleurs-5.0.0.tgz",
          "integrity": "sha1-HNOs5cyhvsAEFXiydGSyZ2OH9ts=",
          "requires": {
            "flat-colors": "3.0.0",
            "typpy": "2.0.0",
            "x256": "0.0.2"
          }
        },
        "deffy": {
          "version": "2.0.0",
          "resolved": "https://registry.npmjs.org/deffy/-/deffy-2.0.0.tgz",
          "integrity": "sha1-+C4I7qUYxKCjCx8D7FBNJIryiTI=",
          "requires": {
            "typpy": "2.0.0"
          }
        },
        "typpy": {
          "version": "2.0.0",
          "resolved": "https://registry.npmjs.org/typpy/-/typpy-2.0.0.tgz",
          "integrity": "sha1-re87rMEv9Hr/kg+rA6j/MnnXN9Y="
        },
        "ul": {
          "version": "5.0.0",
          "resolved": "https://registry.npmjs.org/ul/-/ul-5.0.0.tgz",
          "integrity": "sha1-yoDXkwJfP9Xcm/g0aYGNMQp8mmI=",
          "requires": {
            "deffy": "2.0.0",
            "typpy": "2.0.0"
          }
        }
      }
    },
    "parent-search": {
      "version": "1.3.8",
      "resolved": "https://registry.npmjs.org/parent-search/-/parent-search-1.3.8.tgz",
      "integrity": "sha1-hI5A4z8lQm1+5kebzZ4D27HdFsQ=",
      "requires": {
        "is-there": "4.4.3",
        "ul": "5.2.13"
      }
    },
    "parse-it": {
      "version": "1.0.8",
      "resolved": "https://registry.npmjs.org/parse-it/-/parse-it-1.0.8.tgz",
      "integrity": "sha1-6aU73hjIBJ57tBW3PhbTKS346uc=",
      "requires": {
        "regex-escape": "3.4.7"
      }
    },
    "proc-output": {
      "version": "1.0.6",
      "resolved": "https://registry.npmjs.org/proc-output/-/proc-output-1.0.6.tgz",
      "integrity": "sha1-n/z7OsahVu4yt+vWnwJKT22JY1A="
    },
    "prompt-sync": {
      "version": "4.1.5",
      "resolved": "https://registry.npmjs.org/prompt-sync/-/prompt-sync-4.1.5.tgz",
      "integrity": "sha1-cJrBgjiLDppKRbVoPtBEntGfPrg="
    },
    "promptify": {
      "version": "1.0.1",
      "resolved": "https://registry.npmjs.org/promptify/-/promptify-1.0.1.tgz",
      "integrity": "sha1-Z8KbwssmG3hOMbclJYxSGUDa3wU=",
      "requires": {
        "is-win": "1.0.7",
        "ul": "5.2.13"
      }
    },
    "r-json": {
      "version": "1.2.8",
      "resolved": "https://registry.npmjs.org/r-json/-/r-json-1.2.8.tgz",
      "integrity": "sha1-dEBWDMHt8AudjZT6MLytfd6U6uI="
    },
    "regex-escape": {
      "version": "3.4.7",
      "resolved": "https://registry.npmjs.org/regex-escape/-/regex-escape-3.4.7.tgz",
      "integrity": "sha1-brLq6PBA1EkWzCCCC9y9QUmNlK0="
    },
    "remove-blank-lines": {
      "version": "1.0.7",
      "resolved": "https://registry.npmjs.org/remove-blank-lines/-/remove-blank-lines-1.0.7.tgz",
      "integrity": "sha1-msJ8WD0vBBBYQ7b8VpgjMtLY9DM="
    },
    "remove-trailing-spaces": {
      "version": "1.0.6",
      "resolved": "https://registry.npmjs.org/remove-trailing-spaces/-/remove-trailing-spaces-1.0.6.tgz",
      "integrity": "sha1-QlUnfqxTWaUFyt0GTTYGA2eKCyk="
    },
    "same-time": {
      "version": "2.3.3",
      "resolved": "https://registry.npmjs.org/same-time/-/same-time-2.3.3.tgz",
      "integrity": "sha1-jLRUyFxQ5eMBMthgXRZDBfymya8=",
      "requires": {
        "deffy": "2.0.0"
      },
      "dependencies": {
        "deffy": {
          "version": "2.0.0",
          "resolved": "https://registry.npmjs.org/deffy/-/deffy-2.0.0.tgz",
          "integrity": "sha1-+C4I7qUYxKCjCx8D7FBNJIryiTI=",
          "requires": {
            "typpy": "2.3.9"
          }
        }
      }
    },
    "semver": {
      "version": "5.4.1",
      "resolved": "https://registry.npmjs.org/semver/-/semver-5.4.1.tgz",
      "integrity": "sha512-WfG/X9+oATh81XtllIo/I8gOiY9EXRdv1cQdyykeXK17YcUW3EXUAi2To4pcH6nZtJPr7ZOpM5OMyWJZm+8Rsg=="
    },
    "sliced": {
      "version": "1.0.1",
      "resolved": "https://registry.npmjs.org/sliced/-/sliced-1.0.1.tgz",
      "integrity": "sha1-CzpmK10Ewxd7GSa+qCsD+Dei70E="
    },
    "spawno": {
      "version": "1.0.4",
      "resolved": "https://registry.npmjs.org/spawno/-/spawno-1.0.4.tgz",
      "integrity": "sha1-jfVlA/wxVpNYjnIhSU1clPFlu1c=",
      "requires": {
        "proc-output": "1.0.6"
      }
    },
    "sprintf-js": {
      "version": "1.0.3",
      "resolved": "https://registry.npmjs.org/sprintf-js/-/sprintf-js-1.0.3.tgz",
      "integrity": "sha1-BOaSb2YolTVPPdAVIDYzuFcpfiw="
    },
    "static-methods": {
      "version": "1.0.9",
      "resolved": "https://registry.npmjs.org/static-methods/-/static-methods-1.0.9.tgz",
      "integrity": "sha1-R0gcxeF9nZHEwv2y0Utxgf2nT0Y="
    },
    "streamp": {
      "version": "2.2.8",
      "resolved": "https://registry.npmjs.org/streamp/-/streamp-2.2.8.tgz",
      "integrity": "sha1-b2+BRB0O3KSGQh1j5buRbZ7m3qM=",
      "requires": {
        "mkdirp": "0.5.1",
        "ul": "5.2.13"
      }
    },
    "supports-color": {
      "version": "3.2.3",
      "resolved": "https://registry.npmjs.org/supports-color/-/supports-color-3.2.3.tgz",
      "integrity": "sha1-ZawFBLOVQXHYpklGsq48u4pfVPY=",
      "requires": {
        "has-flag": "1.0.0"
      }
    },
    "tilda": {
      "version": "4.4.11",
      "resolved": "https://registry.npmjs.org/tilda/-/tilda-4.4.11.tgz",
      "integrity": "sha1-Fzofl5KJaGduOx/tviy9fdmeJmU=",
      "requires": {
        "ansi-parser": "3.2.8",
        "arrs-to-obj": "1.0.8",
        "auto-parse": "1.3.0",
        "camelo": "1.1.9",
        "clp": "4.0.8",
        "debug-mode": "1.0.6",
        "deffy": "2.2.2",
        "err": "2.1.8",
        "indento": "1.1.10",
        "is-empty-obj": "1.0.9",
        "is-undefined": "1.0.8",
        "iterate-object": "1.3.2",
        "le-table": "6.1.7",
        "prompt-sync": "4.1.5",
        "promptify": "1.0.1",
        "r-json": "1.2.8",
        "remove-blank-lines": "1.0.7",
        "typpy": "2.3.9",
        "ul": "5.2.13",
        "wrap-text": "1.0.7"
      }
    },
    "typpy": {
      "version": "2.3.9",
      "resolved": "https://registry.npmjs.org/typpy/-/typpy-2.3.9.tgz",
      "integrity": "sha1-KGZP2l6nHdcYck+J0ABgrx8Jw44=",
      "requires": {
        "function.name": "1.0.9"
      }
    },
    "uc-first-array": {
      "version": "1.1.7",
      "resolved": "https://registry.npmjs.org/uc-first-array/-/uc-first-array-1.1.7.tgz",
      "integrity": "sha1-ODfdQnYskk+svSxqt/6wg4VUR8c=",
      "requires": {
        "ucfirst": "1.0.0"
      }
    },
    "uc.micro": {
      "version": "1.0.3",
      "resolved": "https://registry.npmjs.org/uc.micro/-/uc.micro-1.0.3.tgz",
      "integrity": "sha1-ftUNXg+an7ClczeSWfKndFjVAZI="
    },
    "ucfirst": {
      "version": "1.0.0",
      "resolved": "https://registry.npmjs.org/ucfirst/-/ucfirst-1.0.0.tgz",
      "integrity": "sha1-ThBbZEjQXiZOzsQ14LkZNjxfLy8="
    },
    "ul": {
      "version": "5.2.13",
      "resolved": "https://registry.npmjs.org/ul/-/ul-5.2.13.tgz",
      "integrity": "sha1-n/BQTqNcofdMC/WeZIDe8Am617U=",
      "requires": {
        "deffy": "2.2.2",
        "typpy": "2.3.9"
      }
    },
    "underscore": {
      "version": "1.8.3",
      "resolved": "https://registry.npmjs.org/underscore/-/underscore-1.8.3.tgz",
      "integrity": "sha1-Tz+1OxBuYJf8+ctBCfKl6b36UCI="
    },
    "w-json": {
      "version": "1.3.8",
      "resolved": "https://registry.npmjs.org/w-json/-/w-json-1.3.8.tgz",
      "integrity": "sha1-NUNjJkAB7neOWwQE+xC0x/HGS0E="
    },
    "wrap-text": {
      "version": "1.0.7",
      "resolved": "https://registry.npmjs.org/wrap-text/-/wrap-text-1.0.7.tgz",
      "integrity": "sha1-XEsphOb3y3hQ6n9uTpiFyrYB2Rg="
    },
    "write-file-trim": {
      "version": "1.0.7",
      "resolved": "https://registry.npmjs.org/write-file-trim/-/write-file-trim-1.0.7.tgz",
      "integrity": "sha1-w2zZCkUW5tb+SrNbYR3+8WHXCQI=",
      "requires": {
        "remove-trailing-spaces": "1.0.6"
      }
    },
    "x256": {
      "version": "0.0.2",
      "resolved": "https://registry.npmjs.org/x256/-/x256-0.0.2.tgz",
      "integrity": "sha1-ya8Yh296F1gB1WT+cK2egxd4STQ="
    },
    "year-range": {
      "version": "1.1.7",
      "resolved": "https://registry.npmjs.org/year-range/-/year-range-1.1.7.tgz",
      "integrity": "sha1-9BvrJbt25TlUQL/FkVz7+dEyFcM=",
      "requires": {
        "current-year": "1.1.8"
      }
    }
  }
}
